Microsoft Visual Studio Solution File, Format Version 12.00
# Visual Studio Version 18
VisualStudioVersion = 18.0.10907.19 main
MinimumVisualStudioVersion = 10.0.40219.1
Project("{9A19103F-16F7-4668-BE54-9A1E7A4F7556}") = "AgentBurgers.AppHost", "AgentBurgers.AppHost\AgentBurgers.AppHost.csproj", "{1B7B9F65-0E8A-4B2F-A1B2-3C4D5E6F7890}"
EndProject
Project("{9A19103F-16F7-4668-BE54-9A1E7A4F7556}") = "AgentBurgers.ServiceDefaults", "AgentBurgers.ServiceDefaults\AgentBurgers.ServiceDefaults.csproj", "{2C8C0F75-1F9B-4C3F-B2C3-4D5E6F78901A}"
EndProject
Project("{9A19103F-16F7-4668-BE54-9A1E7A4F7556}") = "Orchestrator", "Orchestrator\Orchestrator.csproj", "{3D9D1F85-2F0C-4D4F-C3D4-5E6F7890123B}"
EndProject
Project("{9A19103F-16F7-4668-BE54-9A1E7A4F7556}") = "OrderSimulator", "OrderSimulator\OrderSimulator.csproj", "{5CE99B92-7FA4-4A3A-96D9-36546EF3EE99}"
EndProject
Project("{9A19103F-16F7-4668-BE54-9A1E7A4F7556}") = "GrillAgent", "Agents\GrillAgent\GrillAgent.csproj", "{DD8EEAF1-A0B5-4BA2-BF21-F9B13B5F5DD8}"
EndProject
Project("{9A19103F-16F7-4668-BE54-9A1E7A4F7556}") = "FryerAgent", "Agents\FryerAgent\FryerAgent.csproj", "{B2CEEE43-C88F-4883-A28A-FA159B57265F}"
EndProject
Project("{9A19103F-16F7-4668-BE54-9A1E7A4F7556}") = "DessertAgent", "Agents\DessertAgent\DessertAgent.csproj", "{DB6DFBA9-00BA-4942-8E96-F22745F6E5E9}"
EndProject
Project("{9A19103F-16F7-4668-BE54-9A1E7A4F7556}") = "PlatingAgent", "Agents\PlatingAgent\PlatingAgent.csproj", "{B6DD8281-B23D-4C53-8F9A-4861BB6B1928}"
EndProject
Global
	GlobalSection(SolutionConfigurationPlatforms) = preSolution
		Debug|Any CPU = Debug|Any CPU
		Release|Any CPU = Release|Any CPU
	EndGlobalSection
	GlobalSection(ProjectConfigurationPlatforms) = postSolution
		{1B7B9F65-0E8A-4B2F-A1B2-3C4D5E6F7890}.Debug|Any CPU.ActiveCfg = Debug|Any CPU
		{1B7B9F65-0E8A-4B2F-A1B2-3C4D5E6F7890}.Debug|Any CPU.Build.0 = Debug|Any CPU
		{1B7B9F65-0E8A-4B2F-A1B2-3C4D5E6F7890}.Release|Any CPU.ActiveCfg = Release|Any CPU
		{1B7B9F65-0E8A-4B2F-A1B2-3C4D5E6F7890}.Release|Any CPU.Build.0 = Release|Any CPU
		{2C8C0F75-1F9B-4C3F-B2C3-4D5E6F78901A}.Debug|Any CPU.ActiveCfg = Debug|Any CPU
		{2C8C0F75-1F9B-4C3F-B2C3-4D5E6F78901A}.Debug|Any CPU.Build.0 = Debug|Any CPU
		{2C8C0F75-1F9B-4C3F-B2C3-4D5E6F78901A}.Release|Any CPU.ActiveCfg = Release|Any CPU
		{2C8C0F75-1F9B-4C3F-B2C3-4D5E6F78901A}.Release|Any CPU.Build.0 = Release|Any CPU
		{3D9D1F85-2F0C-4D4F-C3D4-5E6F7890123B}.Debug|Any CPU.ActiveCfg = Debug|Any CPU
		{3D9D1F85-2F0C-4D4F-C3D4-5E6F7890123B}.Debug|Any CPU.Build.0 = Debug|Any CPU
		{3D9D1F85-2F0C-4D4F-C3D4-5E6F7890123B}.Release|Any CPU.ActiveCfg = Release|Any CPU
		{3D9D1F85-2F0C-4D4F-C3D4-5E6F7890123B}.Release|Any CPU.Build.0 = Release|Any CPU
		{5CE99B92-7FA4-4A3A-96D9-36546EF3EE99}.Debug|Any CPU.ActiveCfg = Debug|Any CPU
		{5CE99B92-7FA4-4A3A-96D9-36546EF3EE99}.Debug|Any CPU.Build.0 = Debug|Any CPU
		{5CE99B92-7FA4-4A3A-96D9-36546EF3EE99}.Release|Any CPU.ActiveCfg = Release|Any CPU
		{5CE99B92-7FA4-4A3A-96D9-36546EF3EE99}.Release|Any CPU.Build.0 = Release|Any CPU
		{DD8EEAF1-A0B5-4BA2-BF21-F9B13B5F5DD8}.Debug|Any CPU.ActiveCfg = Debug|Any CPU
		{DD8EEAF1-A0B5-4BA2-BF21-F9B13B5F5DD8}.Debug|Any CPU.Build.0 = Debug|Any CPU
		{DD8EEAF1-A0B5-4BA2-BF21-F9B13B5F5DD8}.Release|Any CPU.ActiveCfg = Release|Any CPU
		{DD8EEAF1-A0B5-4BA2-BF21-F9B13B5F5DD8}.Release|Any CPU.Build.0 = Release|Any CPU
		{B2CEEE43-C88F-4883-A28A-FA159B57265F}.Debug|Any CPU.ActiveCfg = Debug|Any CPU
		{B2CEEE43-C88F-4883-A28A-FA159B57265F}.Debug|Any CPU.Build.0 = Debug|Any CPU
		{B2CEEE43-C88F-4883-A28A-FA159B57265F}.Release|Any CPU.ActiveCfg = Release|Any CPU
		{B2CEEE43-C88F-4883-A28A-FA159B57265F}.Release|Any CPU.Build.0 = Release|Any CPU
		{DB6DFBA9-00BA-4942-8E96-F22745F6E5E9}.Debug|Any CPU.ActiveCfg = Debug|Any CPU
		{DB6DFBA9-00BA-4942-8E96-F22745F6E5E9}.Debug|Any CPU.Build.0 = Debug|Any CPU
		{DB6DFBA9-00BA-4942-8E96-F22745F6E5E9}.Release|Any CPU.ActiveCfg = Release|Any CPU
		{DB6DFBA9-00BA-4942-8E96-F22745F6E5E9}.Release|Any CPU.Build.0 = Release|Any CPU
		{B6DD8281-B23D-4C53-8F9A-4861BB6B1928}.Debug|Any CPU.ActiveCfg = Debug|Any CPU
		{B6DD8281-B23D-4C53-8F9A-4861BB6B1928}.Debug|Any CPU.Build.0 = Debug|Any CPU
		{B6DD8281-B23D-4C53-8F9A-4861BB6B1928}.Release|Any CPU.ActiveCfg = Release|Any CPU
		{B6DD8281-B23D-4C53-8F9A-4861BB6B1928}.Release|Any CPU.Build.0 = Release|Any CPU
	EndGlobalSection
	GlobalSection(SolutionProperties) = preSolution
		HideSolutionNode = FALSE
	EndGlobalSection
EndGlobal
