Microsoft Visual Studio Solution File, Format Version 12.00
# Visual Studio Version 18
VisualStudioVersion = 18.0.10907.19 main
MinimumVisualStudioVersion = 10.0.40219.1
Project("{9A19103F-16F7-4668-BE54-9A1E7A4F7556}") = "AgentBurgers.AppHost", "AgentBurgers.AppHost\AgentBurgers.AppHost.csproj", "{1B7B9F65-0E8A-4B2F-A1B2-3C4D5E6F7890}"
EndProject
Project("{9A19103F-16F7-4668-BE54-9A1E7A4F7556}") = "AgentBurgers.ServiceDefaults", "AgentBurgers.ServiceDefaults\AgentBurgers.ServiceDefaults.csproj", "{2C8C0F75-1F9B-4C3F-B2C3-4D5E6F78901A}"
EndProject
Project("{9A19103F-16F7-4668-BE54-9A1E7A4F7556}") = "Orchestrator", "Orchestrator\Orchestrator.csproj", "{3D9D1F85-2F0C-4D4F-C3D4-5E6F7890123B}"
EndProject
Project("{9A19103F-16F7-4668-BE54-9A1E7A4F7556}") = "OrderSimulator", "OrderSimulator\OrderSimulator.csproj", "{B4BD3F82-C7AD-44C2-8B6A-5C7B267D5EA1}"
EndProject
Project("{9A19103F-16F7-4668-BE54-9A1E7A4F7556}") = "GrillAgent", "Agents\GrillAgent\GrillAgent.csproj", "{AC20F85F-5C3C-4B9C-B177-9DF77358B7A8}"
EndProject
Project("{9A19103F-16F7-4668-BE54-9A1E7A4F7556}") = "FryerAgent", "Agents\FryerAgent\FryerAgent.csproj", "{C7F4300D-B120-4F78-BAC1-479DD424857A}"
EndProject
Project("{9A19103F-16F7-4668-BE54-9A1E7A4F7556}") = "DessertAgent", "Agents\DessertAgent\DessertAgent.csproj", "{0B6F5A54-A3B1-44AC-B6A6-C030BA114704}"
EndProject
Project("{9A19103F-16F7-4668-BE54-9A1E7A4F7556}") = "PlatingAgent", "Agents\PlatingAgent\PlatingAgent.csproj", "{14E52EA3-BD35-41B9-B496-FF1F1172776A}"
EndProject
Global
	GlobalSection(SolutionConfigurationPlatforms) = preSolution
		Debug|Any CPU = Debug|Any CPU
		Release|Any CPU = Release|Any CPU
	EndGlobalSection
	GlobalSection(ProjectConfigurationPlatforms) = postSolution
		{1B7B9F65-0E8A-4B2F-A1B2-3C4D5E6F7890}.Debug|Any CPU.ActiveCfg = Debug|Any CPU
		{1B7B9F65-0E8A-4B2F-A1B2-3C4D5E6F7890}.Debug|Any CPU.Build.0 = Debug|Any CPU
		{1B7B9F65-0E8A-4B2F-A1B2-3C4D5E6F7890}.Release|Any CPU.ActiveCfg = Release|Any CPU
		{1B7B9F65-0E8A-4B2F-A1B2-3C4D5E6F7890}.Release|Any CPU.Build.0 = Release|Any CPU
		{2C8C0F75-1F9B-4C3F-B2C3-4D5E6F78901A}.Debug|Any CPU.ActiveCfg = Debug|Any CPU
		{2C8C0F75-1F9B-4C3F-B2C3-4D5E6F78901A}.Debug|Any CPU.Build.0 = Debug|Any CPU
		{2C8C0F75-1F9B-4C3F-B2C3-4D5E6F78901A}.Release|Any CPU.ActiveCfg = Release|Any CPU
		{2C8C0F75-1F9B-4C3F-B2C3-4D5E6F78901A}.Release|Any CPU.Build.0 = Release|Any CPU
		{3D9D1F85-2F0C-4D4F-C3D4-5E6F7890123B}.Debug|Any CPU.ActiveCfg = Debug|Any CPU
		{3D9D1F85-2F0C-4D4F-C3D4-5E6F7890123B}.Debug|Any CPU.Build.0 = Debug|Any CPU
		{3D9D1F85-2F0C-4D4F-C3D4-5E6F7890123B}.Release|Any CPU.ActiveCfg = Release|Any CPU
		{3D9D1F85-2F0C-4D4F-C3D4-5E6F7890123B}.Release|Any CPU.Build.0 = Release|Any CPU
		{B4BD3F82-C7AD-44C2-8B6A-5C7B267D5EA1}.Debug|Any CPU.ActiveCfg = Debug|Any CPU
		{B4BD3F82-C7AD-44C2-8B6A-5C7B267D5EA1}.Debug|Any CPU.Build.0 = Debug|Any CPU
		{B4BD3F82-C7AD-44C2-8B6A-5C7B267D5EA1}.Release|Any CPU.ActiveCfg = Release|Any CPU
		{B4BD3F82-C7AD-44C2-8B6A-5C7B267D5EA1}.Release|Any CPU.Build.0 = Release|Any CPU
		{AC20F85F-5C3C-4B9C-B177-9DF77358B7A8}.Debug|Any CPU.ActiveCfg = Debug|Any CPU
		{AC20F85F-5C3C-4B9C-B177-9DF77358B7A8}.Debug|Any CPU.Build.0 = Debug|Any CPU
		{AC20F85F-5C3C-4B9C-B177-9DF77358B7A8}.Release|Any CPU.ActiveCfg = Release|Any CPU
		{AC20F85F-5C3C-4B9C-B177-9DF77358B7A8}.Release|Any CPU.Build.0 = Release|Any CPU
		{C7F4300D-B120-4F78-BAC1-479DD424857A}.Debug|Any CPU.ActiveCfg = Debug|Any CPU
		{C7F4300D-B120-4F78-BAC1-479DD424857A}.Debug|Any CPU.Build.0 = Debug|Any CPU
		{C7F4300D-B120-4F78-BAC1-479DD424857A}.Release|Any CPU.ActiveCfg = Release|Any CPU
		{C7F4300D-B120-4F78-BAC1-479DD424857A}.Release|Any CPU.Build.0 = Release|Any CPU
		{0B6F5A54-A3B1-44AC-B6A6-C030BA114704}.Debug|Any CPU.ActiveCfg = Debug|Any CPU
		{0B6F5A54-A3B1-44AC-B6A6-C030BA114704}.Debug|Any CPU.Build.0 = Debug|Any CPU
		{0B6F5A54-A3B1-44AC-B6A6-C030BA114704}.Release|Any CPU.ActiveCfg = Release|Any CPU
		{0B6F5A54-A3B1-44AC-B6A6-C030BA114704}.Release|Any CPU.Build.0 = Release|Any CPU
		{14E52EA3-BD35-41B9-B496-FF1F1172776A}.Debug|Any CPU.ActiveCfg = Debug|Any CPU
		{14E52EA3-BD35-41B9-B496-FF1F1172776A}.Debug|Any CPU.Build.0 = Debug|Any CPU
		{14E52EA3-BD35-41B9-B496-FF1F1172776A}.Release|Any CPU.ActiveCfg = Release|Any CPU
		{14E52EA3-BD35-41B9-B496-FF1F1172776A}.Release|Any CPU.Build.0 = Release|Any CPU
	EndGlobalSection
	GlobalSection(SolutionProperties) = preSolution
		HideSolutionNode = FALSE
	EndGlobalSection
	GlobalSection(ExtensibilityGlobals) = postSolution
		SolutionGuid = {7A64977E-9602-4A83-B97D-8AF91C7A8E9F}
	EndGlobalSection
EndGlobal
