Microsoft Visual Studio Solution File, Format Version 12.00

# Visual Studio Version 17Microsoft Visual Studio Solution File, Format Version 12.00

VisualStudioVersion = 17.8.0.0# Visual Studio Version 17

MinimumVisualStudioVersion = 17.8.0.0VisualStudioVersion = 17.8.0.0

Project("{9A19103F-16F7-4668-BE54-9A1E7A4F7556}") = "AgentBurgers.AppHost", "AgentBurgers.AppHost\AgentBurgers.AppHost.csproj", "{25576EE5-326A-402A-9D15-2D1758780A50}"MinimumVisualStudioVersion = 17.8.0.0

EndProjectProject("{9A19103F-16F7-4668-BE54-9A1E7A4F7556}") = "AgentBurgers.AppHost", "AgentBurgers.AppHost\AgentBurgers.AppHost.csproj", "{25576EE5-326A-402A-9D15-2D1758780A50}"

Project("{9A19103F-16F7-4668-BE54-9A1E7A4F7556}") = "AgentBurgers.ServiceDefaults", "AgentBurgers.ServiceDefaults\AgentBurgers.ServiceDefaults.csproj", "{FF273414-DA92-45BD-8B5A-3F939F3E026F}"EndProject

EndProjectProject("{9A19103F-16F7-4668-BE54-9A1E7A4F7556}") = "AgentBurgers.ServiceDefaults", "AgentBurgers.ServiceDefaults\AgentBurgers.ServiceDefaults.csproj", "{FF273414-DA92-45BD-8B5A-3F939F3E026F}"

Project("{9A19103F-16F7-4668-BE54-9A1E7A4F7556}") = "AgentBurgers.Web", "AgentBurgers.Web\AgentBurgers.Web.csproj", "{5C293A98-45E7-4657-B240-CA1196541FFB}"EndProject

EndProjectProject("{9A19103F-16F7-4668-BE54-9A1E7A4F7556}") = "AgentBurgers.ApiService", "AgentBurgers.ApiService\AgentBurgers.ApiService.csproj", "{EE46F288-1872-4BE6-8D45-91FF9A1B1E16}"

GlobalEndProject

	GlobalSection(SolutionConfigurationPlatforms) = preSolutionProject("{9A19103F-16F7-4668-BE54-9A1E7A4F7556}") = "AgentBurgers.Web", "AgentBurgers.Web\AgentBurgers.Web.csproj", "{5C293A98-45E7-4657-B240-CA1196541FFB}"

		Debug|Any CPU = Debug|Any CPUEndProject

		Release|Any CPU = Release|Any CPUGlobal

	EndGlobalSection	GlobalSection(SolutionConfigurationPlatforms) = preSolution

	GlobalSection(ProjectConfigurationPlatforms) = postSolution		Debug|Any CPU = Debug|Any CPU

		{25576EE5-326A-402A-9D15-2D1758780A50}.Debug|Any CPU.ActiveCfg = Debug|Any CPU		Release|Any CPU = Release|Any CPU

		{25576EE5-326A-402A-9D15-2D1758780A50}.Debug|Any CPU.Build.0 = Debug|Any CPU	EndGlobalSection

		{FF273414-DA92-45BD-8B5A-3F939F3E026F}.Debug|Any CPU.ActiveCfg = Debug|Any CPU	GlobalSection(ProjectConfigurationPlatforms) = postSolution

		{FF273414-DA92-45BD-8B5A-3F939F3E026F}.Debug|Any CPU.Build.0 = Debug|Any CPU		{25576EE5-326A-402A-9D15-2D1758780A50}.Debug|Any CPU.ActiveCfg = Debug|Any CPU

		{5C293A98-45E7-4657-B240-CA1196541FFB}.Debug|Any CPU.ActiveCfg = Debug|Any CPU		{25576EE5-326A-402A-9D15-2D1758780A50}.Debug|Any CPU.Build.0 = Debug|Any CPU

		{5C293A98-45E7-4657-B240-CA1196541FFB}.Debug|Any CPU.Build.0 = Debug|Any CPU		{25576EE5-326A-402A-9D15-2D1758780A50}.Release|Any CPU.ActiveCfg = Release|Any CPU

		{5C293A98-45E7-4657-B240-CA1196541FFB}.Release|Any CPU.ActiveCfg = Release|Any CPU		{25576EE5-326A-402A-9D15-2D1758780A50}.Release|Any CPU.Build.0 = Release|Any CPU

		{5C293A98-45E7-4657-B240-CA1196541FFB}.Release|Any CPU.Build.0 = Release|Any CPU		{FF273414-DA92-45BD-8B5A-3F939F3E026F}.Debug|Any CPU.ActiveCfg = Debug|Any CPU

	EndGlobalSection		{FF273414-DA92-45BD-8B5A-3F939F3E026F}.Debug|Any CPU.Build.0 = Debug|Any CPU

	GlobalSection(SolutionProperties) = preSolution		{FF273414-DA92-45BD-8B5A-3F939F3E026F}.Release|Any CPU.ActiveCfg = Release|Any CPU

		HideSolutionNode = FALSE		{FF273414-DA92-45BD-8B5A-3F939F3E026F}.Release|Any CPU.Build.0 = Release|Any CPU

	EndGlobalSection		{EE46F288-1872-4BE6-8D45-91FF9A1B1E16}.Debug|Any CPU.ActiveCfg = Debug|Any CPU

	GlobalSection(ExtensibilityGlobals) = postSolution		{EE46F288-1872-4BE6-8D45-91FF9A1B1E16}.Debug|Any CPU.Build.0 = Debug|Any CPU

		SolutionGuid = {13FBD290-88D8-444F-BB1C-25C494F1BC6E}		{EE46F288-1872-4BE6-8D45-91FF9A1B1E16}.Release|Any CPU.ActiveCfg = Release|Any CPU

	EndGlobalSection		{EE46F288-1872-4BE6-8D45-91FF9A1B1E16}.Release|Any CPU.Build.0 = Release|Any CPU

EndGlobal		{5C293A98-45E7-4657-B240-CA1196541FFB}.Debug|Any CPU.ActiveCfg = Debug|Any CPU
		{5C293A98-45E7-4657-B240-CA1196541FFB}.Debug|Any CPU.Build.0 = Debug|Any CPU
		{5C293A98-45E7-4657-B240-CA1196541FFB}.Release|Any CPU.ActiveCfg = Release|Any CPU
		{5C293A98-45E7-4657-B240-CA1196541FFB}.Release|Any CPU.Build.0 = Release|Any CPU
	EndGlobalSection
	GlobalSection(SolutionProperties) = preSolution
		HideSolutionNode = FALSE
	EndGlobalSection
	GlobalSection(ExtensibilityGlobals) = postSolution
		SolutionGuid = {13FBD290-88D8-444F-BB1C-25C494F1BC6E}
	EndGlobalSection
EndGlobal
